
Microsoft Visual Studio Solution File, Format Version 12.00
# Visual Studio Version 17
VisualStudioVersion = 17.9.34622.214
MinimumVisualStudioVersion = 10.0.40219.1
Project("{9A19103F-16F7-4668-BE54-9A1E7A4F7556}") = "ItemsRazorAuth", "ItemsRazorAuth\ItemsRazorAuth.csproj", "{D5E8A813-94D3-4BCB-AD8A-E06651A5DC08}"
EndProject
Project("{9A19103F-16F7-4668-BE54-9A1E7A4F7556}") = "ItemsBlazorAuthApp", "ItemsBlazorAuthApp\ItemsBlazorAuthApp.csproj", "{800DD53C-8D95-4390-A032-EAFEA08B0F10}"
EndProject
Project("{FAE04EC0-301F-11D3-BF4B-00C04F79EFBC}") = "Shared", "Shared\Shared.csproj", "{388A75D5-8469-46D0-9BC0-570042964688}"
EndProject
Global
	GlobalSection(SolutionConfigurationPlatforms) = preSolution
		Debug|Any CPU = Debug|Any CPU
		Release|Any CPU = Release|Any CPU
	EndGlobalSection
	GlobalSection(ProjectConfigurationPlatforms) = postSolution
		{D5E8A813-94D3-4BCB-AD8A-E06651A5DC08}.Debug|Any CPU.ActiveCfg = Debug|Any CPU
		{D5E8A813-94D3-4BCB-AD8A-E06651A5DC08}.Debug|Any CPU.Build.0 = Debug|Any CPU
		{D5E8A813-94D3-4BCB-AD8A-E06651A5DC08}.Release|Any CPU.ActiveCfg = Release|Any CPU
		{D5E8A813-94D3-4BCB-AD8A-E06651A5DC08}.Release|Any CPU.Build.0 = Release|Any CPU
		{800DD53C-8D95-4390-A032-EAFEA08B0F10}.Debug|Any CPU.ActiveCfg = Debug|Any CPU
		{800DD53C-8D95-4390-A032-EAFEA08B0F10}.Debug|Any CPU.Build.0 = Debug|Any CPU
		{800DD53C-8D95-4390-A032-EAFEA08B0F10}.Release|Any CPU.ActiveCfg = Release|Any CPU
		{800DD53C-8D95-4390-A032-EAFEA08B0F10}.Release|Any CPU.Build.0 = Release|Any CPU
		{388A75D5-8469-46D0-9BC0-570042964688}.Debug|Any CPU.ActiveCfg = Debug|Any CPU
		{388A75D5-8469-46D0-9BC0-570042964688}.Debug|Any CPU.Build.0 = Debug|Any CPU
		{388A75D5-8469-46D0-9BC0-570042964688}.Release|Any CPU.ActiveCfg = Release|Any CPU
		{388A75D5-8469-46D0-9BC0-570042964688}.Release|Any CPU.Build.0 = Release|Any CPU
	EndGlobalSection
	GlobalSection(SolutionProperties) = preSolution
		HideSolutionNode = FALSE
	EndGlobalSection
	GlobalSection(ExtensibilityGlobals) = postSolution
		SolutionGuid = {F0383C57-0177-4AC6-BCD9-312DA31924E1}
	EndGlobalSection
EndGlobal
